
Microsoft Visual Studio Solution File, Format Version 12.00
# Visual Studio 2013
VisualStudioVersion = 12.0.21005.1
MinimumVisualStudioVersion = 10.0.40219.1
Project("{FAE04EC0-301F-11D3-BF4B-00C04F79EFBC}") = "Pa19", "Pa19.csproj", "{64F65109-9C34-469E-B93E-D1F76F035627}"
EndProject
Global
	GlobalSection(SolutionConfigurationPlatforms) = preSolution
		Debug|Any CPU = Debug|Any CPU
		Release|Any CPU = Release|Any CPU
	EndGlobalSection
	GlobalSection(ProjectConfigurationPlatforms) = postSolution
		{64F65109-9C34-469E-B93E-D1F76F035627}.Debug|Any CPU.ActiveCfg = Debug|Any CPU
		{64F65109-9C34-469E-B93E-D1F76F035627}.Debug|Any CPU.Build.0 = Debug|Any CPU
		{64F65109-9C34-469E-B93E-D1F76F035627}.Release|Any CPU.ActiveCfg = Release|Any CPU
		{64F65109-9C34-469E-B93E-D1F76F035627}.Release|Any CPU.Build.0 = Release|Any CPU
	EndGlobalSection
	GlobalSection(SolutionProperties) = preSolution
		HideSolutionNode = FALSE
	EndGlobalSection
EndGlobal
